{
  "name": "Simple Chatty Bot",
  "lockfileVersion": 2,
  "requires": true,
  "packages": {
    "": {
      "devDependencies": {
        "sync-input": "https://github.com/hyperskill/sync-input/archive/release.tar.gz"
      }
    },
    "node_modules/sync-input": {
      "version": "1.0.0",
      "resolved": "https://github.com/hyperskill/sync-input/archive/release.tar.gz",
      "integrity": "sha512-xwvUQthWMf3XhXXMQX+LU+GqAYL8o36fBhj3M+VTynxFf8LQs1xEU4lME337g0Bwrh10TxLCvvCNLDmVXa8POg==",
      "dev": true
    }
  },
  "dependencies": {
    "sync-input": {
      "version": "https://github.com/hyperskill/sync-input/archive/release.tar.gz",
      "integrity": "sha512-xwvUQthWMf3XhXXMQX+LU+GqAYL8o36fBhj3M+VTynxFf8LQs1xEU4lME337g0Bwrh10TxLCvvCNLDmVXa8POg==",
      "dev": true
    }
  }
}
